
Microsoft Visual Studio Solution File, Format Version 12.00
# Visual Studio Version 17
VisualStudioVersion = 17.14.36109.1
MinimumVisualStudioVersion = 10.0.40219.1
Project("{E24C65DC-7377-472B-9ABA-BC803B73C61A}") = "ProyectoCambur", "ProyectoCambur\", "{5FCA0721-9465-4EBE-CBCD-7543950EF13A}"
	ProjectSection(WebsiteProperties) = preProject
		TargetFrameworkMoniker = ".NETFramework,Version%3Dv4.8"
		Debug.AspNetCompiler.VirtualPath = "/localhost_60405"
		Debug.AspNetCompiler.PhysicalPath = "ProyectoCambur\"
		Debug.AspNetCompiler.TargetPath = "PrecompiledWeb\localhost_60405\"
		Debug.AspNetCompiler.Updateable = "true"
		Debug.AspNetCompiler.ForceOverwrite = "true"
		Debug.AspNetCompiler.FixedNames = "false"
		Debug.AspNetCompiler.Debug = "True"
		Release.AspNetCompiler.VirtualPath = "/localhost_60405"
		Release.AspNetCompiler.PhysicalPath = "ProyectoCambur\"
		Release.AspNetCompiler.TargetPath = "PrecompiledWeb\localhost_60405\"
		Release.AspNetCompiler.Updateable = "true"
		Release.AspNetCompiler.ForceOverwrite = "true"
		Release.AspNetCompiler.FixedNames = "false"
		Release.AspNetCompiler.Debug = "False"
		VWDPort = "60405"
		SlnRelativePath = "ProyectoCambur\"
		DefaultWebSiteLanguage = "Visual C#"
	EndProjectSection
EndProject
Project("{FAE04EC0-301F-11D3-BF4B-00C04F79EFBC}") = "BE", "BE\BE.csproj", "{D63D9F56-27E7-4A08-A39D-C3023F813400}"
EndProject
Project("{FAE04EC0-301F-11D3-BF4B-00C04F79EFBC}") = "BLL", "BLL\BLL.csproj", "{1802F314-034C-4270-A8B5-FA294D019133}"
EndProject
Project("{FAE04EC0-301F-11D3-BF4B-00C04F79EFBC}") = "SERVICIOS", "SERVICIOS\SERVICIOS.csproj", "{5EDFE2FA-2F8E-4956-9216-3D7FA9E253C5}"
EndProject
Project("{FAE04EC0-301F-11D3-BF4B-00C04F79EFBC}") = "DAL", "DAL\DAL.csproj", "{6242C7F1-1061-40B8-9258-73DADAF140B6}"
EndProject
Global
	GlobalSection(SolutionConfigurationPlatforms) = preSolution
		Debug|Any CPU = Debug|Any CPU
		Release|Any CPU = Release|Any CPU
	EndGlobalSection
	GlobalSection(ProjectConfigurationPlatforms) = postSolution
		{5FCA0721-9465-4EBE-CBCD-7543950EF13A}.Debug|Any CPU.ActiveCfg = Debug|Any CPU
		{5FCA0721-9465-4EBE-CBCD-7543950EF13A}.Debug|Any CPU.Build.0 = Debug|Any CPU
		{5FCA0721-9465-4EBE-CBCD-7543950EF13A}.Release|Any CPU.ActiveCfg = Debug|Any CPU
		{5FCA0721-9465-4EBE-CBCD-7543950EF13A}.Release|Any CPU.Build.0 = Debug|Any CPU
		{D63D9F56-27E7-4A08-A39D-C3023F813400}.Debug|Any CPU.ActiveCfg = Debug|Any CPU
		{D63D9F56-27E7-4A08-A39D-C3023F813400}.Debug|Any CPU.Build.0 = Debug|Any CPU
		{D63D9F56-27E7-4A08-A39D-C3023F813400}.Release|Any CPU.ActiveCfg = Release|Any CPU
		{D63D9F56-27E7-4A08-A39D-C3023F813400}.Release|Any CPU.Build.0 = Release|Any CPU
		{1802F314-034C-4270-A8B5-FA294D019133}.Debug|Any CPU.ActiveCfg = Debug|Any CPU
		{1802F314-034C-4270-A8B5-FA294D019133}.Debug|Any CPU.Build.0 = Debug|Any CPU
		{1802F314-034C-4270-A8B5-FA294D019133}.Release|Any CPU.ActiveCfg = Release|Any CPU
		{1802F314-034C-4270-A8B5-FA294D019133}.Release|Any CPU.Build.0 = Release|Any CPU
		{5EDFE2FA-2F8E-4956-9216-3D7FA9E253C5}.Debug|Any CPU.ActiveCfg = Debug|Any CPU
		{5EDFE2FA-2F8E-4956-9216-3D7FA9E253C5}.Debug|Any CPU.Build.0 = Debug|Any CPU
		{5EDFE2FA-2F8E-4956-9216-3D7FA9E253C5}.Release|Any CPU.ActiveCfg = Release|Any CPU
		{5EDFE2FA-2F8E-4956-9216-3D7FA9E253C5}.Release|Any CPU.Build.0 = Release|Any CPU
		{6242C7F1-1061-40B8-9258-73DADAF140B6}.Debug|Any CPU.ActiveCfg = Debug|Any CPU
		{6242C7F1-1061-40B8-9258-73DADAF140B6}.Debug|Any CPU.Build.0 = Debug|Any CPU
		{6242C7F1-1061-40B8-9258-73DADAF140B6}.Release|Any CPU.ActiveCfg = Release|Any CPU
		{6242C7F1-1061-40B8-9258-73DADAF140B6}.Release|Any CPU.Build.0 = Release|Any CPU
	EndGlobalSection
	GlobalSection(SolutionProperties) = preSolution
		HideSolutionNode = FALSE
	EndGlobalSection
	GlobalSection(ExtensibilityGlobals) = postSolution
		SolutionGuid = {047A1161-0898-40DD-9AA7-5827134417C5}
	EndGlobalSection
EndGlobal
